{
  "name": "employees_generator",
  "version": "1.0.0",
  "lockfileVersion": 2,
  "requires": true,
  "packages": {
    "": {
      "name": "employees_generator",
      "version": "1.0.0",
      "license": "ISC",
      "dependencies": {
        "employees_generator": "^1.0.0"
      }
    },
    "node_modules/employees_generator": {
      "version": "1.0.1",
      "resolved": "https://registry.npmjs.org/employees_generator/-/employees_generator-1.0.1.tgz",
      "integrity": "sha512-FJ8WyIXBTf9/L17d45u0K8YC53DY55YpFftIuUPjajirbl1fXoMoB02kSJK2b8bfwfpO6BW66yXdnM3e3BboRA=="
    }
  },
  "dependencies": {
    "employees_generator": {
      "version": "1.0.1",
      "resolved": "https://registry.npmjs.org/employees_generator/-/employees_generator-1.0.1.tgz",
      "integrity": "sha512-FJ8WyIXBTf9/L17d45u0K8YC53DY55YpFftIuUPjajirbl1fXoMoB02kSJK2b8bfwfpO6BW66yXdnM3e3BboRA=="
    }
  }
}
