{
  "name": "employees_generator",
  "version": "1.0.0",
  "lockfileVersion": 2,
  "requires": true,
  "packages": {
    "": {
      "name": "employees_generator",
      "version": "1.0.0",
      "license": "ISC",
      "dependencies": {
        "employees_generator": "^1.0.0"
      }
    },
    "node_modules/employees_generator": {
      "version": "1.0.3",
      "resolved": "https://registry.npmjs.org/employees_generator/-/employees_generator-1.0.3.tgz",
      "integrity": "sha512-CqkaWESFYT2LM2JoqCq352N9JctUxQMamntrPSGoDig1s4CFSNpYLuDtzF/OOcYjAXYdG2wP4mYxAuzmSoG70w=="
    }
  },
  "dependencies": {
    "employees_generator": {
      "version": "1.0.3",
      "resolved": "https://registry.npmjs.org/employees_generator/-/employees_generator-1.0.3.tgz",
      "integrity": "sha512-CqkaWESFYT2LM2JoqCq352N9JctUxQMamntrPSGoDig1s4CFSNpYLuDtzF/OOcYjAXYdG2wP4mYxAuzmSoG70w=="
    }
  }
}
